{
    "_readme": [
        "This file locks the dependencies of your project to a known state",
        "Read more about it at https://getcomposer.org/doc/01-basic-usage.md#installing-dependencies",
        "This file is @generated automatically"
    ],
    "content-hash": "e9ddb6907d8b181d8f22d5b0719645cc",
    "packages": [
        {
            "name": "nascent-tech/memless",
            "version": "dev-main",
            "dist": {
                "type": "path",
                "url": "../../../bindings/php",
                "reference": "ee05b234f8cab5f20792d9dae1bec79bc56f939c"
            },
            "require": {
                "ext-ffi": "*",
                "php": ">=8.1"
            },
            "require-dev": {
                "phpunit/phpunit": "^9.6 || ^10.5 || ^11.5"
            },
            "type": "library",
            "autoload": {
                "psr-4": {
                    "Memless\\": "src/"
                }
            },
            "autoload-dev": {
                "psr-4": {
                    "Memless\\Tests\\": "tests/"
                }
            },
            "license": [
                "MIT"
            ],
            "description": "PHP FFI bridge to the memless C ABI",
            "homepage": "https://github.com/nascent-tech/memless",
            "keywords": [
                "ffi",
                "in-memory",
                "sql",
                "yaml"
            ],
            "transport-options": {
                "relative": true
            }
        }
    ],
    "packages-dev": [],
    "aliases": [],
    "minimum-stability": "stable",
    "stability-flags": {
        "nascent-tech/memless": 20
    },
    "prefer-stable": false,
    "prefer-lowest": false,
    "platform": {
        "php": ">=7.4"
    },
    "platform-dev": {},
    "plugin-api-version": "2.9.0"
}
