{
  "name": "memless-parity-node",
  "lockfileVersion": 3,
  "requires": true,
  "packages": {
    "": {
      "name": "memless-parity-node",
      "dependencies": {
        "@nascent-tech/memless": "file:../../../bindings/node"
      }
    },
    "../../../bindings/node": {
      "name": "@nascent-tech/memless",
      "version": "0.2.0",
      "license": "MIT",
      "dependencies": {
        "koffi": "^2.16.3"
      },
      "devDependencies": {
        "typescript": "^5.9.3"
      },
      "engines": {
        "node": ">=18"
      }
    },
    "node_modules/@nascent-tech/memless": {
      "resolved": "../../../bindings/node",
      "link": true
    }
  }
}
